
Microsoft Visual Studio Solution File, Format Version 12.00
# Visual Studio 15
VisualStudioVersion = 15.0.27703.2042
MinimumVisualStudioVersion = 10.0.40219.1
Project("{FAE04EC0-301F-11D3-BF4B-00C04F79EFBC}") = "Lyra.Android", "Lyra\Lyra.Android\Lyra.Android.csproj", "{7FCC36E6-3437-4F5A-91C1-D8D096417474}"
EndProject
Project("{FAE04EC0-301F-11D3-BF4B-00C04F79EFBC}") = "Lyra.iOS", "Lyra\Lyra.iOS\Lyra.iOS.csproj", "{16B85CA4-297B-4832-A91E-D728062BE865}"
EndProject
Project("{FAE04EC0-301F-11D3-BF4B-00C04F79EFBC}") = "Lyra", "Lyra\Lyra\Lyra.csproj", "{94DC1CF2-77C1-4C14-8176-CE6EF066D00B}"
EndProject
Global
	GlobalSection(SolutionConfigurationPlatforms) = preSolution
		Ad-Hoc|Any CPU = Ad-Hoc|Any CPU
		Ad-Hoc|iPhone = Ad-Hoc|iPhone
		Ad-Hoc|iPhoneSimulator = Ad-Hoc|iPhoneSimulator
		AppStore|Any CPU = AppStore|Any CPU
		AppStore|iPhone = AppStore|iPhone
		AppStore|iPhoneSimulator = AppStore|iPhoneSimulator
		Debug|Any CPU = Debug|Any CPU
		Debug|iPhone = Debug|iPhone
		Debug|iPhoneSimulator = Debug|iPhoneSimulator
		Release|Any CPU = Release|Any CPU
		Release|iPhone = Release|iPhone
		Release|iPhoneSimulator = Release|iPhoneSimulator
	EndGlobalSection
	GlobalSection(ProjectConfigurationPlatforms) = postSolution
		{7FCC36E6-3437-4F5A-91C1-D8D096417474}.Ad-Hoc|Any CPU.ActiveCfg = Release|Any CPU
		{7FCC36E6-3437-4F5A-91C1-D8D096417474}.Ad-Hoc|Any CPU.Build.0 = Release|Any CPU
		{7FCC36E6-3437-4F5A-91C1-D8D096417474}.Ad-Hoc|Any CPU.Deploy.0 = Release|Any CPU
		{7FCC36E6-3437-4F5A-91C1-D8D096417474}.Ad-Hoc|iPhone.ActiveCfg = Release|Any CPU
		{7FCC36E6-3437-4F5A-91C1-D8D096417474}.Ad-Hoc|iPhone.Build.0 = Release|Any CPU
		{7FCC36E6-3437-4F5A-91C1-D8D096417474}.Ad-Hoc|iPhone.Deploy.0 = Release|Any CPU
		{7FCC36E6-3437-4F5A-91C1-D8D096417474}.Ad-Hoc|iPhoneSimulator.ActiveCfg = Release|Any CPU
		{7FCC36E6-3437-4F5A-91C1-D8D096417474}.Ad-Hoc|iPhoneSimulator.Build.0 = Release|Any CPU
		{7FCC36E6-3437-4F5A-91C1-D8D096417474}.Ad-Hoc|iPhoneSimulator.Deploy.0 = Release|Any CPU
		{7FCC36E6-3437-4F5A-91C1-D8D096417474}.AppStore|Any CPU.ActiveCfg = Release|Any CPU
		{7FCC36E6-3437-4F5A-91C1-D8D096417474}.AppStore|Any CPU.Build.0 = Release|Any CPU
		{7FCC36E6-3437-4F5A-91C1-D8D096417474}.AppStore|Any CPU.Deploy.0 = Release|Any CPU
		{7FCC36E6-3437-4F5A-91C1-D8D096417474}.AppStore|iPhone.ActiveCfg = Release|Any CPU
		{7FCC36E6-3437-4F5A-91C1-D8D096417474}.AppStore|iPhone.Build.0 = Release|Any CPU
		{7FCC36E6-3437-4F5A-91C1-D8D096417474}.AppStore|iPhone.Deploy.0 = Release|Any CPU
		{7FCC36E6-3437-4F5A-91C1-D8D096417474}.AppStore|iPhoneSimulator.ActiveCfg = Release|Any CPU
		{7FCC36E6-3437-4F5A-91C1-D8D096417474}.AppStore|iPhoneSimulator.Build.0 = Release|Any CPU
		{7FCC36E6-3437-4F5A-91C1-D8D096417474}.AppStore|iPhoneSimulator.Deploy.0 = Release|Any CPU
		{7FCC36E6-3437-4F5A-91C1-D8D096417474}.Debug|Any CPU.ActiveCfg = Debug|Any CPU
		{7FCC36E6-3437-4F5A-91C1-D8D096417474}.Debug|Any CPU.Build.0 = Debug|Any CPU
		{7FCC36E6-3437-4F5A-91C1-D8D096417474}.Debug|Any CPU.Deploy.0 = Debug|Any CPU
		{7FCC36E6-3437-4F5A-91C1-D8D096417474}.Debug|iPhone.ActiveCfg = Debug|Any CPU
		{7FCC36E6-3437-4F5A-91C1-D8D096417474}.Debug|iPhone.Build.0 = Debug|Any CPU
		{7FCC36E6-3437-4F5A-91C1-D8D096417474}.Debug|iPhone.Deploy.0 = Debug|Any CPU
		{7FCC36E6-3437-4F5A-91C1-D8D096417474}.Debug|iPhoneSimulator.ActiveCfg = Debug|Any CPU
		{7FCC36E6-3437-4F5A-91C1-D8D096417474}.Debug|iPhoneSimulator.Build.0 = Debug|Any CPU
		{7FCC36E6-3437-4F5A-91C1-D8D096417474}.Debug|iPhoneSimulator.Deploy.0 = Debug|Any CPU
		{7FCC36E6-3437-4F5A-91C1-D8D096417474}.Release|Any CPU.ActiveCfg = Release|Any CPU
		{7FCC36E6-3437-4F5A-91C1-D8D096417474}.Release|Any CPU.Build.0 = Release|Any CPU
		{7FCC36E6-3437-4F5A-91C1-D8D096417474}.Release|Any CPU.Deploy.0 = Release|Any CPU
		{7FCC36E6-3437-4F5A-91C1-D8D096417474}.Release|iPhone.ActiveCfg = Release|Any CPU
		{7FCC36E6-3437-4F5A-91C1-D8D096417474}.Release|iPhone.Build.0 = Release|Any CPU
		{7FCC36E6-3437-4F5A-91C1-D8D096417474}.Release|iPhone.Deploy.0 = Release|Any CPU
		{7FCC36E6-3437-4F5A-91C1-D8D096417474}.Release|iPhoneSimulator.ActiveCfg = Release|Any CPU
		{7FCC36E6-3437-4F5A-91C1-D8D096417474}.Release|iPhoneSimulator.Build.0 = Release|Any CPU
		{7FCC36E6-3437-4F5A-91C1-D8D096417474}.Release|iPhoneSimulator.Deploy.0 = Release|Any CPU
		{16B85CA4-297B-4832-A91E-D728062BE865}.Ad-Hoc|Any CPU.ActiveCfg = Ad-Hoc|iPhone
		{16B85CA4-297B-4832-A91E-D728062BE865}.Ad-Hoc|Any CPU.Build.0 = Ad-Hoc|iPhone
		{16B85CA4-297B-4832-A91E-D728062BE865}.Ad-Hoc|Any CPU.Deploy.0 = Ad-Hoc|iPhone
		{16B85CA4-297B-4832-A91E-D728062BE865}.Ad-Hoc|iPhone.ActiveCfg = Ad-Hoc|iPhone
		{16B85CA4-297B-4832-A91E-D728062BE865}.Ad-Hoc|iPhone.Build.0 = Ad-Hoc|iPhone
		{16B85CA4-297B-4832-A91E-D728062BE865}.Ad-Hoc|iPhone.Deploy.0 = Ad-Hoc|iPhone
		{16B85CA4-297B-4832-A91E-D728062BE865}.Ad-Hoc|iPhoneSimulator.ActiveCfg = Ad-Hoc|iPhoneSimulator
		{16B85CA4-297B-4832-A91E-D728062BE865}.Ad-Hoc|iPhoneSimulator.Build.0 = Ad-Hoc|iPhoneSimulator
		{16B85CA4-297B-4832-A91E-D728062BE865}.Ad-Hoc|iPhoneSimulator.Deploy.0 = Ad-Hoc|iPhoneSimulator
		{16B85CA4-297B-4832-A91E-D728062BE865}.AppStore|Any CPU.ActiveCfg = AppStore|iPhone
		{16B85CA4-297B-4832-A91E-D728062BE865}.AppStore|Any CPU.Build.0 = AppStore|iPhone
		{16B85CA4-297B-4832-A91E-D728062BE865}.AppStore|Any CPU.Deploy.0 = AppStore|iPhone
		{16B85CA4-297B-4832-A91E-D728062BE865}.AppStore|iPhone.ActiveCfg = AppStore|iPhone
		{16B85CA4-297B-4832-A91E-D728062BE865}.AppStore|iPhone.Build.0 = AppStore|iPhone
		{16B85CA4-297B-4832-A91E-D728062BE865}.AppStore|iPhone.Deploy.0 = AppStore|iPhone
		{16B85CA4-297B-4832-A91E-D728062BE865}.AppStore|iPhoneSimulator.ActiveCfg = AppStore|iPhoneSimulator
		{16B85CA4-297B-4832-A91E-D728062BE865}.AppStore|iPhoneSimulator.Build.0 = AppStore|iPhoneSimulator
		{16B85CA4-297B-4832-A91E-D728062BE865}.AppStore|iPhoneSimulator.Deploy.0 = AppStore|iPhoneSimulator
		{16B85CA4-297B-4832-A91E-D728062BE865}.Debug|Any CPU.ActiveCfg = Debug|iPhoneSimulator
		{16B85CA4-297B-4832-A91E-D728062BE865}.Debug|Any CPU.Build.0 = Debug|iPhoneSimulator
		{16B85CA4-297B-4832-A91E-D728062BE865}.Debug|Any CPU.Deploy.0 = Debug|iPhoneSimulator
		{16B85CA4-297B-4832-A91E-D728062BE865}.Debug|iPhone.ActiveCfg = Debug|iPhone
		{16B85CA4-297B-4832-A91E-D728062BE865}.Debug|iPhone.Build.0 = Debug|iPhone
		{16B85CA4-297B-4832-A91E-D728062BE865}.Debug|iPhone.Deploy.0 = Debug|iPhone
		{16B85CA4-297B-4832-A91E-D728062BE865}.Debug|iPhoneSimulator.ActiveCfg = Debug|iPhoneSimulator
		{16B85CA4-297B-4832-A91E-D728062BE865}.Debug|iPhoneSimulator.Build.0 = Debug|iPhoneSimulator
		{16B85CA4-297B-4832-A91E-D728062BE865}.Debug|iPhoneSimulator.Deploy.0 = Debug|iPhoneSimulator
		{16B85CA4-297B-4832-A91E-D728062BE865}.Release|Any CPU.ActiveCfg = Release|iPhone
		{16B85CA4-297B-4832-A91E-D728062BE865}.Release|Any CPU.Build.0 = Release|iPhone
		{16B85CA4-297B-4832-A91E-D728062BE865}.Release|Any CPU.Deploy.0 = Release|iPhone
		{16B85CA4-297B-4832-A91E-D728062BE865}.Release|iPhone.ActiveCfg = Release|iPhone
		{16B85CA4-297B-4832-A91E-D728062BE865}.Release|iPhone.Build.0 = Release|iPhone
		{16B85CA4-297B-4832-A91E-D728062BE865}.Release|iPhone.Deploy.0 = Release|iPhone
		{16B85CA4-297B-4832-A91E-D728062BE865}.Release|iPhoneSimulator.ActiveCfg = Release|iPhoneSimulator
		{16B85CA4-297B-4832-A91E-D728062BE865}.Release|iPhoneSimulator.Build.0 = Release|iPhoneSimulator
		{16B85CA4-297B-4832-A91E-D728062BE865}.Release|iPhoneSimulator.Deploy.0 = Release|iPhoneSimulator
		{94DC1CF2-77C1-4C14-8176-CE6EF066D00B}.Ad-Hoc|Any CPU.ActiveCfg = Debug|Any CPU
		{94DC1CF2-77C1-4C14-8176-CE6EF066D00B}.Ad-Hoc|Any CPU.Build.0 = Debug|Any CPU
		{94DC1CF2-77C1-4C14-8176-CE6EF066D00B}.Ad-Hoc|Any CPU.Deploy.0 = Debug|Any CPU
		{94DC1CF2-77C1-4C14-8176-CE6EF066D00B}.Ad-Hoc|iPhone.ActiveCfg = Debug|Any CPU
		{94DC1CF2-77C1-4C14-8176-CE6EF066D00B}.Ad-Hoc|iPhone.Build.0 = Debug|Any CPU
		{94DC1CF2-77C1-4C14-8176-CE6EF066D00B}.Ad-Hoc|iPhone.Deploy.0 = Debug|Any CPU
		{94DC1CF2-77C1-4C14-8176-CE6EF066D00B}.Ad-Hoc|iPhoneSimulator.ActiveCfg = Debug|Any CPU
		{94DC1CF2-77C1-4C14-8176-CE6EF066D00B}.Ad-Hoc|iPhoneSimulator.Build.0 = Debug|Any CPU
		{94DC1CF2-77C1-4C14-8176-CE6EF066D00B}.Ad-Hoc|iPhoneSimulator.Deploy.0 = Debug|Any CPU
		{94DC1CF2-77C1-4C14-8176-CE6EF066D00B}.AppStore|Any CPU.ActiveCfg = Debug|Any CPU
		{94DC1CF2-77C1-4C14-8176-CE6EF066D00B}.AppStore|Any CPU.Build.0 = Debug|Any CPU
		{94DC1CF2-77C1-4C14-8176-CE6EF066D00B}.AppStore|Any CPU.Deploy.0 = Debug|Any CPU
		{94DC1CF2-77C1-4C14-8176-CE6EF066D00B}.AppStore|iPhone.ActiveCfg = Debug|Any CPU
		{94DC1CF2-77C1-4C14-8176-CE6EF066D00B}.AppStore|iPhone.Build.0 = Debug|Any CPU
		{94DC1CF2-77C1-4C14-8176-CE6EF066D00B}.AppStore|iPhone.Deploy.0 = Debug|Any CPU
		{94DC1CF2-77C1-4C14-8176-CE6EF066D00B}.AppStore|iPhoneSimulator.ActiveCfg = Debug|Any CPU
		{94DC1CF2-77C1-4C14-8176-CE6EF066D00B}.AppStore|iPhoneSimulator.Build.0 = Debug|Any CPU
		{94DC1CF2-77C1-4C14-8176-CE6EF066D00B}.AppStore|iPhoneSimulator.Deploy.0 = Debug|Any CPU
		{94DC1CF2-77C1-4C14-8176-CE6EF066D00B}.Debug|Any CPU.ActiveCfg = Debug|Any CPU
		{94DC1CF2-77C1-4C14-8176-CE6EF066D00B}.Debug|Any CPU.Build.0 = Debug|Any CPU
		{94DC1CF2-77C1-4C14-8176-CE6EF066D00B}.Debug|Any CPU.Deploy.0 = Debug|Any CPU
		{94DC1CF2-77C1-4C14-8176-CE6EF066D00B}.Debug|iPhone.ActiveCfg = Debug|Any CPU
		{94DC1CF2-77C1-4C14-8176-CE6EF066D00B}.Debug|iPhone.Build.0 = Debug|Any CPU
		{94DC1CF2-77C1-4C14-8176-CE6EF066D00B}.Debug|iPhone.Deploy.0 = Debug|Any CPU
		{94DC1CF2-77C1-4C14-8176-CE6EF066D00B}.Debug|iPhoneSimulator.ActiveCfg = Debug|Any CPU
		{94DC1CF2-77C1-4C14-8176-CE6EF066D00B}.Debug|iPhoneSimulator.Build.0 = Debug|Any CPU
		{94DC1CF2-77C1-4C14-8176-CE6EF066D00B}.Debug|iPhoneSimulator.Deploy.0 = Debug|Any CPU
		{94DC1CF2-77C1-4C14-8176-CE6EF066D00B}.Release|Any CPU.ActiveCfg = Release|Any CPU
		{94DC1CF2-77C1-4C14-8176-CE6EF066D00B}.Release|Any CPU.Build.0 = Release|Any CPU
		{94DC1CF2-77C1-4C14-8176-CE6EF066D00B}.Release|Any CPU.Deploy.0 = Release|Any CPU
		{94DC1CF2-77C1-4C14-8176-CE6EF066D00B}.Release|iPhone.ActiveCfg = Release|Any CPU
		{94DC1CF2-77C1-4C14-8176-CE6EF066D00B}.Release|iPhone.Build.0 = Release|Any CPU
		{94DC1CF2-77C1-4C14-8176-CE6EF066D00B}.Release|iPhone.Deploy.0 = Release|Any CPU
		{94DC1CF2-77C1-4C14-8176-CE6EF066D00B}.Release|iPhoneSimulator.ActiveCfg = Release|Any CPU
		{94DC1CF2-77C1-4C14-8176-CE6EF066D00B}.Release|iPhoneSimulator.Build.0 = Release|Any CPU
		{94DC1CF2-77C1-4C14-8176-CE6EF066D00B}.Release|iPhoneSimulator.Deploy.0 = Release|Any CPU
	EndGlobalSection
	GlobalSection(SolutionProperties) = preSolution
		HideSolutionNode = FALSE
	EndGlobalSection
	GlobalSection(ExtensibilityGlobals) = postSolution
		SolutionGuid = {776E682B-B309-458C-8849-A3F41B2876E3}
	EndGlobalSection
EndGlobal
